
Microsoft Visual Studio Solution File, Format Version 10.00
# Visual C# Express 2008
Project("{FAE04EC0-301F-11D3-BF4B-00C04F79EFBC}") = "Tokenvator", "Tokenvator\Tokenvator.csproj", "{0A1ADFEC-C824-4B97-9241-41C00CC2B982}"
EndProject
Global
	GlobalSection(SolutionConfigurationPlatforms) = preSolution
		Debug|Any CPU = Debug|Any CPU
		Release|Any CPU = Release|Any CPU
	EndGlobalSection
	GlobalSection(ProjectConfigurationPlatforms) = postSolution
		{0A1ADFEC-C824-4B97-9241-41C00CC2B982}.Debug|Any CPU.ActiveCfg = Release|Any CPU
		{0A1ADFEC-C824-4B97-9241-41C00CC2B982}.Debug|Any CPU.Build.0 = Release|Any CPU
		{0A1ADFEC-C824-4B97-9241-41C00CC2B982}.Release|Any CPU.ActiveCfg = Release|Any CPU
		{0A1ADFEC-C824-4B97-9241-41C00CC2B982}.Release|Any CPU.Build.0 = Release|Any CPU
	EndGlobalSection
	GlobalSection(SolutionProperties) = preSolution
		HideSolutionNode = FALSE
	EndGlobalSection
EndGlobal
