
Microsoft Visual Studio Solution File, Format Version 12.00
# Visual Studio Version 16
VisualStudioVersion = 16.0.31205.134
MinimumVisualStudioVersion = 10.0.40219.1
Project("{FAE04EC0-301F-11D3-BF4B-00C04F79EFBC}") = "Tokenvator", "Tokenvator\Tokenvator.csproj", "{0A1ADFEC-C824-4B97-9241-41C00CC2B982}"
EndProject
Project("{2150E333-8FDC-42A3-9474-1A3956D46DE8}") = "Solution Items", "Solution Items", "{07D3AF8D-F5B7-4A51-896F-38988BBAFAB7}"
	ProjectSection(SolutionItems) = preProject
		.editorconfig = .editorconfig
		MSBuild.xml = MSBuild.xml
	EndProjectSection
EndProject
Project("{8BC9CEB8-8B4A-11D0-8D11-00A0C91BC942}") = "KernelTokens", "KernelTokens\KernelTokens.vcxproj", "{AF8ED9C5-71DA-43CB-92CF-A67050947DFA}"
EndProject
Global
	GlobalSection(SolutionConfigurationPlatforms) = preSolution
		Debug|Any CPU = Debug|Any CPU
		Debug|ARM = Debug|ARM
		Debug|ARM64 = Debug|ARM64
		Debug|x64 = Debug|x64
		Debug|x86 = Debug|x86
		Debug-Net45|Any CPU = Debug-Net45|Any CPU
		Debug-Net45|ARM = Debug-Net45|ARM
		Debug-Net45|ARM64 = Debug-Net45|ARM64
		Debug-Net45|x64 = Debug-Net45|x64
		Debug-Net45|x86 = Debug-Net45|x86
		Release|Any CPU = Release|Any CPU
		Release|ARM = Release|ARM
		Release|ARM64 = Release|ARM64
		Release|x64 = Release|x64
		Release|x86 = Release|x86
		Release-Net45|Any CPU = Release-Net45|Any CPU
		Release-Net45|ARM = Release-Net45|ARM
		Release-Net45|ARM64 = Release-Net45|ARM64
		Release-Net45|x64 = Release-Net45|x64
		Release-Net45|x86 = Release-Net45|x86
	EndGlobalSection
	GlobalSection(ProjectConfigurationPlatforms) = postSolution
		{0A1ADFEC-C824-4B97-9241-41C00CC2B982}.Debug|Any CPU.ActiveCfg = Release|Any CPU
		{0A1ADFEC-C824-4B97-9241-41C00CC2B982}.Debug|Any CPU.Build.0 = Release|Any CPU
		{0A1ADFEC-C824-4B97-9241-41C00CC2B982}.Debug|ARM.ActiveCfg = Debug|Any CPU
		{0A1ADFEC-C824-4B97-9241-41C00CC2B982}.Debug|ARM.Build.0 = Debug|Any CPU
		{0A1ADFEC-C824-4B97-9241-41C00CC2B982}.Debug|ARM64.ActiveCfg = Debug|Any CPU
		{0A1ADFEC-C824-4B97-9241-41C00CC2B982}.Debug|ARM64.Build.0 = Debug|Any CPU
		{0A1ADFEC-C824-4B97-9241-41C00CC2B982}.Debug|x64.ActiveCfg = Debug|x64
		{0A1ADFEC-C824-4B97-9241-41C00CC2B982}.Debug|x64.Build.0 = Debug|x64
		{0A1ADFEC-C824-4B97-9241-41C00CC2B982}.Debug|x86.ActiveCfg = Debug|Any CPU
		{0A1ADFEC-C824-4B97-9241-41C00CC2B982}.Debug|x86.Build.0 = Debug|Any CPU
		{0A1ADFEC-C824-4B97-9241-41C00CC2B982}.Debug-Net45|Any CPU.ActiveCfg = Debug-Net45|Any CPU
		{0A1ADFEC-C824-4B97-9241-41C00CC2B982}.Debug-Net45|Any CPU.Build.0 = Debug-Net45|Any CPU
		{0A1ADFEC-C824-4B97-9241-41C00CC2B982}.Debug-Net45|ARM.ActiveCfg = Debug-Net45|Any CPU
		{0A1ADFEC-C824-4B97-9241-41C00CC2B982}.Debug-Net45|ARM.Build.0 = Debug-Net45|Any CPU
		{0A1ADFEC-C824-4B97-9241-41C00CC2B982}.Debug-Net45|ARM64.ActiveCfg = Debug-Net45|Any CPU
		{0A1ADFEC-C824-4B97-9241-41C00CC2B982}.Debug-Net45|ARM64.Build.0 = Debug-Net45|Any CPU
		{0A1ADFEC-C824-4B97-9241-41C00CC2B982}.Debug-Net45|x64.ActiveCfg = Debug-Net45|x64
		{0A1ADFEC-C824-4B97-9241-41C00CC2B982}.Debug-Net45|x64.Build.0 = Debug-Net45|x64
		{0A1ADFEC-C824-4B97-9241-41C00CC2B982}.Debug-Net45|x86.ActiveCfg = Debug-Net45|Any CPU
		{0A1ADFEC-C824-4B97-9241-41C00CC2B982}.Debug-Net45|x86.Build.0 = Debug-Net45|Any CPU
		{0A1ADFEC-C824-4B97-9241-41C00CC2B982}.Release|Any CPU.ActiveCfg = Release|Any CPU
		{0A1ADFEC-C824-4B97-9241-41C00CC2B982}.Release|Any CPU.Build.0 = Release|Any CPU
		{0A1ADFEC-C824-4B97-9241-41C00CC2B982}.Release|ARM.ActiveCfg = Release|Any CPU
		{0A1ADFEC-C824-4B97-9241-41C00CC2B982}.Release|ARM.Build.0 = Release|Any CPU
		{0A1ADFEC-C824-4B97-9241-41C00CC2B982}.Release|ARM64.ActiveCfg = Release|Any CPU
		{0A1ADFEC-C824-4B97-9241-41C00CC2B982}.Release|ARM64.Build.0 = Release|Any CPU
		{0A1ADFEC-C824-4B97-9241-41C00CC2B982}.Release|x64.ActiveCfg = Release|x64
		{0A1ADFEC-C824-4B97-9241-41C00CC2B982}.Release|x64.Build.0 = Release|x64
		{0A1ADFEC-C824-4B97-9241-41C00CC2B982}.Release|x86.ActiveCfg = Release|Any CPU
		{0A1ADFEC-C824-4B97-9241-41C00CC2B982}.Release|x86.Build.0 = Release|Any CPU
		{0A1ADFEC-C824-4B97-9241-41C00CC2B982}.Release-Net45|Any CPU.ActiveCfg = Release-Net45|Any CPU
		{0A1ADFEC-C824-4B97-9241-41C00CC2B982}.Release-Net45|Any CPU.Build.0 = Release-Net45|Any CPU
		{0A1ADFEC-C824-4B97-9241-41C00CC2B982}.Release-Net45|ARM.ActiveCfg = Release-Net45|Any CPU
		{0A1ADFEC-C824-4B97-9241-41C00CC2B982}.Release-Net45|ARM.Build.0 = Release-Net45|Any CPU
		{0A1ADFEC-C824-4B97-9241-41C00CC2B982}.Release-Net45|ARM64.ActiveCfg = Release-Net45|Any CPU
		{0A1ADFEC-C824-4B97-9241-41C00CC2B982}.Release-Net45|ARM64.Build.0 = Release-Net45|Any CPU
		{0A1ADFEC-C824-4B97-9241-41C00CC2B982}.Release-Net45|x64.ActiveCfg = Release-Net45|x64
		{0A1ADFEC-C824-4B97-9241-41C00CC2B982}.Release-Net45|x64.Build.0 = Release-Net45|x64
		{0A1ADFEC-C824-4B97-9241-41C00CC2B982}.Release-Net45|x86.ActiveCfg = Release-Net45|Any CPU
		{0A1ADFEC-C824-4B97-9241-41C00CC2B982}.Release-Net45|x86.Build.0 = Release-Net45|Any CPU
		{AF8ED9C5-71DA-43CB-92CF-A67050947DFA}.Debug|Any CPU.ActiveCfg = Debug|Win32
		{AF8ED9C5-71DA-43CB-92CF-A67050947DFA}.Debug|ARM.ActiveCfg = Debug|ARM
		{AF8ED9C5-71DA-43CB-92CF-A67050947DFA}.Debug|ARM.Build.0 = Debug|ARM
		{AF8ED9C5-71DA-43CB-92CF-A67050947DFA}.Debug|ARM.Deploy.0 = Debug|ARM
		{AF8ED9C5-71DA-43CB-92CF-A67050947DFA}.Debug|ARM64.ActiveCfg = Debug|ARM64
		{AF8ED9C5-71DA-43CB-92CF-A67050947DFA}.Debug|ARM64.Build.0 = Debug|ARM64
		{AF8ED9C5-71DA-43CB-92CF-A67050947DFA}.Debug|ARM64.Deploy.0 = Debug|ARM64
		{AF8ED9C5-71DA-43CB-92CF-A67050947DFA}.Debug|x64.ActiveCfg = Debug|x64
		{AF8ED9C5-71DA-43CB-92CF-A67050947DFA}.Debug|x64.Build.0 = Debug|x64
		{AF8ED9C5-71DA-43CB-92CF-A67050947DFA}.Debug|x64.Deploy.0 = Debug|x64
		{AF8ED9C5-71DA-43CB-92CF-A67050947DFA}.Debug|x86.ActiveCfg = Debug|Win32
		{AF8ED9C5-71DA-43CB-92CF-A67050947DFA}.Debug|x86.Build.0 = Debug|Win32
		{AF8ED9C5-71DA-43CB-92CF-A67050947DFA}.Debug|x86.Deploy.0 = Debug|Win32
		{AF8ED9C5-71DA-43CB-92CF-A67050947DFA}.Debug-Net45|Any CPU.ActiveCfg = Debug|Win32
		{AF8ED9C5-71DA-43CB-92CF-A67050947DFA}.Debug-Net45|Any CPU.Build.0 = Debug|Win32
		{AF8ED9C5-71DA-43CB-92CF-A67050947DFA}.Debug-Net45|Any CPU.Deploy.0 = Debug|Win32
		{AF8ED9C5-71DA-43CB-92CF-A67050947DFA}.Debug-Net45|ARM.ActiveCfg = Debug|ARM
		{AF8ED9C5-71DA-43CB-92CF-A67050947DFA}.Debug-Net45|ARM.Build.0 = Debug|ARM
		{AF8ED9C5-71DA-43CB-92CF-A67050947DFA}.Debug-Net45|ARM.Deploy.0 = Debug|ARM
		{AF8ED9C5-71DA-43CB-92CF-A67050947DFA}.Debug-Net45|ARM64.ActiveCfg = Debug|ARM64
		{AF8ED9C5-71DA-43CB-92CF-A67050947DFA}.Debug-Net45|ARM64.Build.0 = Debug|ARM64
		{AF8ED9C5-71DA-43CB-92CF-A67050947DFA}.Debug-Net45|ARM64.Deploy.0 = Debug|ARM64
		{AF8ED9C5-71DA-43CB-92CF-A67050947DFA}.Debug-Net45|x64.ActiveCfg = Debug|x64
		{AF8ED9C5-71DA-43CB-92CF-A67050947DFA}.Debug-Net45|x64.Build.0 = Debug|x64
		{AF8ED9C5-71DA-43CB-92CF-A67050947DFA}.Debug-Net45|x64.Deploy.0 = Debug|x64
		{AF8ED9C5-71DA-43CB-92CF-A67050947DFA}.Debug-Net45|x86.ActiveCfg = Debug|Win32
		{AF8ED9C5-71DA-43CB-92CF-A67050947DFA}.Debug-Net45|x86.Build.0 = Debug|Win32
		{AF8ED9C5-71DA-43CB-92CF-A67050947DFA}.Debug-Net45|x86.Deploy.0 = Debug|Win32
		{AF8ED9C5-71DA-43CB-92CF-A67050947DFA}.Release|Any CPU.ActiveCfg = Release|Win32
		{AF8ED9C5-71DA-43CB-92CF-A67050947DFA}.Release|ARM.ActiveCfg = Release|ARM
		{AF8ED9C5-71DA-43CB-92CF-A67050947DFA}.Release|ARM.Build.0 = Release|ARM
		{AF8ED9C5-71DA-43CB-92CF-A67050947DFA}.Release|ARM.Deploy.0 = Release|ARM
		{AF8ED9C5-71DA-43CB-92CF-A67050947DFA}.Release|ARM64.ActiveCfg = Release|ARM64
		{AF8ED9C5-71DA-43CB-92CF-A67050947DFA}.Release|ARM64.Build.0 = Release|ARM64
		{AF8ED9C5-71DA-43CB-92CF-A67050947DFA}.Release|ARM64.Deploy.0 = Release|ARM64
		{AF8ED9C5-71DA-43CB-92CF-A67050947DFA}.Release|x64.ActiveCfg = Release|x64
		{AF8ED9C5-71DA-43CB-92CF-A67050947DFA}.Release|x64.Build.0 = Release|x64
		{AF8ED9C5-71DA-43CB-92CF-A67050947DFA}.Release|x64.Deploy.0 = Release|x64
		{AF8ED9C5-71DA-43CB-92CF-A67050947DFA}.Release|x86.ActiveCfg = Release|Win32
		{AF8ED9C5-71DA-43CB-92CF-A67050947DFA}.Release|x86.Build.0 = Release|Win32
		{AF8ED9C5-71DA-43CB-92CF-A67050947DFA}.Release|x86.Deploy.0 = Release|Win32
		{AF8ED9C5-71DA-43CB-92CF-A67050947DFA}.Release-Net45|Any CPU.ActiveCfg = Debug|Win32
		{AF8ED9C5-71DA-43CB-92CF-A67050947DFA}.Release-Net45|Any CPU.Build.0 = Debug|Win32
		{AF8ED9C5-71DA-43CB-92CF-A67050947DFA}.Release-Net45|Any CPU.Deploy.0 = Debug|Win32
		{AF8ED9C5-71DA-43CB-92CF-A67050947DFA}.Release-Net45|ARM.ActiveCfg = Release|ARM
		{AF8ED9C5-71DA-43CB-92CF-A67050947DFA}.Release-Net45|ARM.Build.0 = Release|ARM
		{AF8ED9C5-71DA-43CB-92CF-A67050947DFA}.Release-Net45|ARM.Deploy.0 = Release|ARM
		{AF8ED9C5-71DA-43CB-92CF-A67050947DFA}.Release-Net45|ARM64.ActiveCfg = Release|ARM64
		{AF8ED9C5-71DA-43CB-92CF-A67050947DFA}.Release-Net45|ARM64.Build.0 = Release|ARM64
		{AF8ED9C5-71DA-43CB-92CF-A67050947DFA}.Release-Net45|ARM64.Deploy.0 = Release|ARM64
		{AF8ED9C5-71DA-43CB-92CF-A67050947DFA}.Release-Net45|x64.ActiveCfg = Release|x64
		{AF8ED9C5-71DA-43CB-92CF-A67050947DFA}.Release-Net45|x64.Build.0 = Release|x64
		{AF8ED9C5-71DA-43CB-92CF-A67050947DFA}.Release-Net45|x64.Deploy.0 = Release|x64
		{AF8ED9C5-71DA-43CB-92CF-A67050947DFA}.Release-Net45|x86.ActiveCfg = Release|Win32
		{AF8ED9C5-71DA-43CB-92CF-A67050947DFA}.Release-Net45|x86.Build.0 = Release|Win32
		{AF8ED9C5-71DA-43CB-92CF-A67050947DFA}.Release-Net45|x86.Deploy.0 = Release|Win32
	EndGlobalSection
	GlobalSection(SolutionProperties) = preSolution
		HideSolutionNode = FALSE
	EndGlobalSection
	GlobalSection(ExtensibilityGlobals) = postSolution
		SolutionGuid = {32888FBE-73C0-4353-9615-32EB7BD2CB84}
	EndGlobalSection
EndGlobal
