
Microsoft Visual Studio Solution File, Format Version 12.00
# Visual Studio 15
VisualStudioVersion = 15.0.28307.329
MinimumVisualStudioVersion = 10.0.40219.1
Project("{8BC9CEB8-8B4A-11D0-8D11-00A0C91BC942}") = "KernelTokens", "KernelTokens\KernelTokens.vcxproj", "{AF8ED9C5-71DA-43CB-92CF-A67050947DFA}"
EndProject
Global
	GlobalSection(SolutionConfigurationPlatforms) = preSolution
		Debug|ARM = Debug|ARM
		Debug|ARM64 = Debug|ARM64
		Debug|x64 = Debug|x64
		Debug|x86 = Debug|x86
		Release|ARM = Release|ARM
		Release|ARM64 = Release|ARM64
		Release|x64 = Release|x64
		Release|x86 = Release|x86
	EndGlobalSection
	GlobalSection(ProjectConfigurationPlatforms) = postSolution
		{AF8ED9C5-71DA-43CB-92CF-A67050947DFA}.Debug|ARM.ActiveCfg = Debug|ARM
		{AF8ED9C5-71DA-43CB-92CF-A67050947DFA}.Debug|ARM.Build.0 = Debug|ARM
		{AF8ED9C5-71DA-43CB-92CF-A67050947DFA}.Debug|ARM.Deploy.0 = Debug|ARM
		{AF8ED9C5-71DA-43CB-92CF-A67050947DFA}.Debug|ARM64.ActiveCfg = Debug|ARM64
		{AF8ED9C5-71DA-43CB-92CF-A67050947DFA}.Debug|ARM64.Build.0 = Debug|ARM64
		{AF8ED9C5-71DA-43CB-92CF-A67050947DFA}.Debug|ARM64.Deploy.0 = Debug|ARM64
		{AF8ED9C5-71DA-43CB-92CF-A67050947DFA}.Debug|x64.ActiveCfg = Debug|x64
		{AF8ED9C5-71DA-43CB-92CF-A67050947DFA}.Debug|x64.Build.0 = Debug|x64
		{AF8ED9C5-71DA-43CB-92CF-A67050947DFA}.Debug|x64.Deploy.0 = Debug|x64
		{AF8ED9C5-71DA-43CB-92CF-A67050947DFA}.Debug|x86.ActiveCfg = Debug|Win32
		{AF8ED9C5-71DA-43CB-92CF-A67050947DFA}.Debug|x86.Build.0 = Debug|Win32
		{AF8ED9C5-71DA-43CB-92CF-A67050947DFA}.Debug|x86.Deploy.0 = Debug|Win32
		{AF8ED9C5-71DA-43CB-92CF-A67050947DFA}.Release|ARM.ActiveCfg = Release|ARM
		{AF8ED9C5-71DA-43CB-92CF-A67050947DFA}.Release|ARM.Build.0 = Release|ARM
		{AF8ED9C5-71DA-43CB-92CF-A67050947DFA}.Release|ARM.Deploy.0 = Release|ARM
		{AF8ED9C5-71DA-43CB-92CF-A67050947DFA}.Release|ARM64.ActiveCfg = Release|ARM64
		{AF8ED9C5-71DA-43CB-92CF-A67050947DFA}.Release|ARM64.Build.0 = Release|ARM64
		{AF8ED9C5-71DA-43CB-92CF-A67050947DFA}.Release|ARM64.Deploy.0 = Release|ARM64
		{AF8ED9C5-71DA-43CB-92CF-A67050947DFA}.Release|x64.ActiveCfg = Release|x64
		{AF8ED9C5-71DA-43CB-92CF-A67050947DFA}.Release|x64.Build.0 = Release|x64
		{AF8ED9C5-71DA-43CB-92CF-A67050947DFA}.Release|x64.Deploy.0 = Release|x64
		{AF8ED9C5-71DA-43CB-92CF-A67050947DFA}.Release|x86.ActiveCfg = Release|Win32
		{AF8ED9C5-71DA-43CB-92CF-A67050947DFA}.Release|x86.Build.0 = Release|Win32
		{AF8ED9C5-71DA-43CB-92CF-A67050947DFA}.Release|x86.Deploy.0 = Release|Win32
	EndGlobalSection
	GlobalSection(SolutionProperties) = preSolution
		HideSolutionNode = FALSE
	EndGlobalSection
	GlobalSection(ExtensibilityGlobals) = postSolution
		SolutionGuid = {10E3402F-8C5A-49AD-96BB-B3EE67BD432D}
	EndGlobalSection
EndGlobal
